
Microsoft Visual Studio Solution File, Format Version 12.00
# Visual Studio Version 17
VisualStudioVersion = 17.2.32602.215
MinimumVisualStudioVersion = 10.0.40219.1
Project("{FAE04EC0-301F-11D3-BF4B-00C04F79EFBC}") = "Wiremock.OpenAPIValidator", "Wiremock.OpenAPIValidator\Wiremock.OpenAPIValidator.csproj", "{F5B9700D-FC66-4C42-B1D0-69D4D83246E6}"
EndProject
Project("{FAE04EC0-301F-11D3-BF4B-00C04F79EFBC}") = "Wiremock.OpenAPIValidator.Tests", "Wiremock.OpenAPIValidator.Tests\Wiremock.OpenAPIValidator.Tests.csproj", "{853415A1-EC48-4997-97F3-F7E57063C307}"
EndProject
Global
	GlobalSection(SolutionConfigurationPlatforms) = preSolution
		Debug|Any CPU = Debug|Any CPU
		Release|Any CPU = Release|Any CPU
	EndGlobalSection
	GlobalSection(ProjectConfigurationPlatforms) = postSolution
		{F5B9700D-FC66-4C42-B1D0-69D4D83246E6}.Debug|Any CPU.ActiveCfg = Debug|Any CPU
		{F5B9700D-FC66-4C42-B1D0-69D4D83246E6}.Debug|Any CPU.Build.0 = Debug|Any CPU
		{F5B9700D-FC66-4C42-B1D0-69D4D83246E6}.Release|Any CPU.ActiveCfg = Release|Any CPU
		{F5B9700D-FC66-4C42-B1D0-69D4D83246E6}.Release|Any CPU.Build.0 = Release|Any CPU
		{853415A1-EC48-4997-97F3-F7E57063C307}.Debug|Any CPU.ActiveCfg = Debug|Any CPU
		{853415A1-EC48-4997-97F3-F7E57063C307}.Debug|Any CPU.Build.0 = Debug|Any CPU
		{853415A1-EC48-4997-97F3-F7E57063C307}.Release|Any CPU.ActiveCfg = Release|Any CPU
		{853415A1-EC48-4997-97F3-F7E57063C307}.Release|Any CPU.Build.0 = Release|Any CPU
	EndGlobalSection
	GlobalSection(SolutionProperties) = preSolution
		HideSolutionNode = FALSE
	EndGlobalSection
	GlobalSection(ExtensibilityGlobals) = postSolution
		SolutionGuid = {4B9816F3-CE63-48CA-8E47-FC97BF547BFD}
	EndGlobalSection
EndGlobal
